<?xml version="1.0" encoding="utf-8"?>
<Project ToolsVersion="4.0" xmlns="http://schemas.microsoft.com/developer/msbuild/2003">
  <ItemGroup>
    <Filter Include="Source Files">
      <UniqueIdentifier>{4FC737F1-C7A5-4376-A066-2A32D752A2FF}</UniqueIdentifier>
      <Extensions>cpp;c;cc;cxx;def;odl;idl;hpj;bat;asm;asmx</Extensions>
    </Filter>
    <Filter Include="Header Files">
      <UniqueIdentifier>{93995380-89BD-4b04-88EB-625FBE52EBFB}</UniqueIdentifier>
      <Extensions>h;hh;hpp;hxx;hm;inl;inc;xsd</Extensions>
    </Filter>
    <Filter Include="Resource Files">
      <UniqueIdentifier>{67DA6AB6-F800-4c08-8B7A-83BB121AAD01}</UniqueIdentifier>
      <Extensions>rc;ico;cur;bmp;dlg;rc2;rct;bin;rgs;gif;jpg;jpeg;jpe;resx;tiff;tif;png;wav;mfcribbon-ms</Extensions>
    </Filter>
  </ItemGroup>
  <ItemGroup>
    <ClInclude Include="AutoResizeWindow.h">
      <Filter>Header Files</Filter>
    </ClInclude>
    <ClInclude Include="LayoutContainer.h">
      <Filter>Header Files</Filter>
    </ClInclude>
    <ClInclude Include="LayoutElement.h">
      <Filter>Header Files</Filter>
    </ClInclude>
    <ClInclude Include="GLFWWindowWrapper.h">
      <Filter>Header Files</Filter>
    </ClInclude>
    <ClInclude Include="CameraViewportManager.h">
      <Filter>Header Files</Filter>
    </ClInclude>
    <ClInclude Include="RenderToggler.h">
      <Filter>Header Files</Filter>
    </ClInclude>
    <ClInclude Include="GLKeyHandler.h">
      <Filter>Header Files</Filter>
    </ClInclude>
    <ClInclude Include="GLRenderInterface.h">
      <Filter>Header Files</Filter>
    </ClInclude>
    <ClInclude Include="ColumnLayout.h">
      <Filter>Header Files</Filter>
    </ClInclude>
    <ClInclude Include="RowLayout.h">
      <Filter>Header Files</Filter>
    </ClInclude>
    <ClInclude Include="UBCButton.h">
      <Filter>Header Files</Filter>
    </ClInclude>
    <ClInclude Include="UBCEntry.h">
      <Filter>Header Files</Filter>
    </ClInclude>
    <ClInclude Include="GridLayout.h">
      <Filter>Header Files</Filter>
    </ClInclude>
    <ClInclude Include="ScrollingWindow.h">
      <Filter>Header Files</Filter>
    </ClInclude>
    <ClInclude Include="EvenlySpacedRow.h">
      <Filter>Header Files</Filter>
    </ClInclude>
    <ClInclude Include="NumberInfoList.h">
      <Filter>Header Files</Filter>
    </ClInclude>
    <ClInclude Include="ImageWindow.h">
      <Filter>Header Files</Filter>
    </ClInclude>
    <ClInclude Include="SimpleLabeledSlider.h">
      <Filter>Header Files</Filter>
    </ClInclude>
    <ClInclude Include="SimpleSlider.h">
      <Filter>Header Files</Filter>
    </ClInclude>
    <ClInclude Include="SimpleComboBox.h">
      <Filter>Header Files</Filter>
    </ClInclude>
    <ClInclude Include="SimpleLabeledComboBox.h">
      <Filter>Header Files</Filter>
    </ClInclude>
    <ClInclude Include="SimpleLoadSaveInterface.h">
      <Filter>Header Files</Filter>
    </ClInclude>
    <ClInclude Include="PauseUnpauseUI.h">
      <Filter>Header Files</Filter>
    </ClInclude>
  </ItemGroup>
  <ItemGroup>
    <ClCompile Include="AutoResizeWindow.cpp">
      <Filter>Source Files</Filter>
    </ClCompile>
    <ClCompile Include="LayoutContainer.cpp">
      <Filter>Source Files</Filter>
    </ClCompile>
    <ClCompile Include="LayoutElement.cpp">
      <Filter>Source Files</Filter>
    </ClCompile>
    <ClCompile Include="GLFWWindowWrapper.cpp">
      <Filter>Source Files</Filter>
    </ClCompile>
    <ClCompile Include="CameraViewportManager.cpp">
      <Filter>Source Files</Filter>
    </ClCompile>
    <ClCompile Include="RenderToggler.cpp">
      <Filter>Source Files</Filter>
    </ClCompile>
    <ClCompile Include="GLKeyHandler.cpp">
      <Filter>Source Files</Filter>
    </ClCompile>
    <ClCompile Include="ColumnLayout.cpp">
      <Filter>Source Files</Filter>
    </ClCompile>
    <ClCompile Include="RowLayout.cpp">
      <Filter>Source Files</Filter>
    </ClCompile>
    <ClCompile Include="UBCButton.cpp">
      <Filter>Source Files</Filter>
    </ClCompile>
    <ClCompile Include="UBCEntry.cpp">
      <Filter>Source Files</Filter>
    </ClCompile>
    <ClCompile Include="GridLayout.cpp">
      <Filter>Source Files</Filter>
    </ClCompile>
    <ClCompile Include="ScrollingWindow.cpp">
      <Filter>Source Files</Filter>
    </ClCompile>
    <ClCompile Include="EvenlySpacedRow.cpp">
      <Filter>Source Files</Filter>
    </ClCompile>
    <ClCompile Include="NumberInfoList.cpp">
      <Filter>Source Files</Filter>
    </ClCompile>
    <ClCompile Include="ImageWindow.cpp">
      <Filter>Source Files</Filter>
    </ClCompile>
    <ClCompile Include="SimpleLabeledSlider.cpp">
      <Filter>Source Files</Filter>
    </ClCompile>
    <ClCompile Include="SimpleSlider.cpp">
      <Filter>Source Files</Filter>
    </ClCompile>
    <ClCompile Include="SimpleComboBox.cpp">
      <Filter>Source Files</Filter>
    </ClCompile>
    <ClCompile Include="SimpleLabeledComboBox.cpp">
      <Filter>Source Files</Filter>
    </ClCompile>
    <ClCompile Include="SimpleLoadSaveInterface.cpp">
      <Filter>Source Files</Filter>
    </ClCompile>
    <ClCompile Include="PauseUnpauseUI.cpp">
      <Filter>Source Files</Filter>
    </ClCompile>
  </ItemGroup>
</Project>