<?xml version="1.0" encoding="utf-8"?>
<Project ToolsVersion="4.0" xmlns="http://schemas.microsoft.com/developer/msbuild/2003">
  <ItemGroup>
    <Filter Include="Source Files">
      <UniqueIdentifier>{4FC737F1-C7A5-4376-A066-2A32D752A2FF}</UniqueIdentifier>
      <Extensions>cpp;c;cc;cxx;def;odl;idl;hpj;bat;asm;asmx</Extensions>
    </Filter>
    <Filter Include="Header Files">
      <UniqueIdentifier>{93995380-89BD-4b04-88EB-625FBE52EBFB}</UniqueIdentifier>
      <Extensions>h;hh;hpp;hxx;hm;inl;inc;xsd</Extensions>
    </Filter>
    <Filter Include="Resource Files">
      <UniqueIdentifier>{67DA6AB6-F800-4c08-8B7A-83BB121AAD01}</UniqueIdentifier>
      <Extensions>rc;ico;cur;bmp;dlg;rc2;rct;bin;rgs;gif;jpg;jpeg;jpe;resx;tiff;tif;png;wav;mfcribbon-ms</Extensions>
    </Filter>
  </ItemGroup>
  <ItemGroup>
    <ClInclude Include="ExternalUpdate.h">
      <Filter>Header Files</Filter>
    </ClInclude>
    <ClInclude Include="ExternalUpdateThread.h">
      <Filter>Header Files</Filter>
    </ClInclude>
    <ClInclude Include="UBCUtil.h">
      <Filter>Header Files</Filter>
    </ClInclude>
    <ClInclude Include="IntSwitch.h">
      <Filter>Header Files</Filter>
    </ClInclude>
    <ClInclude Include="ShutdownInterface.h">
      <Filter>Header Files</Filter>
    </ClInclude>
    <ClInclude Include="ShutdownContainer.h">
      <Filter>Header Files</Filter>
    </ClInclude>
    <ClInclude Include="StopWatch.h">
      <Filter>Header Files</Filter>
    </ClInclude>
    <ClInclude Include="ExternalUpdateCollection.h">
      <Filter>Header Files</Filter>
    </ClInclude>
    <ClInclude Include="ORToEU.h">
      <Filter>Header Files</Filter>
    </ClInclude>
    <ClInclude Include="TypeBroadcaster.h">
      <Filter>Header Files</Filter>
    </ClInclude>
    <ClInclude Include="SimplePool.h">
      <Filter>Header Files</Filter>
    </ClInclude>
    <ClInclude Include="TBEUQueue.h">
      <Filter>Header Files</Filter>
    </ClInclude>
    <ClInclude Include="RefCountedPtr.h">
      <Filter>Header Files</Filter>
    </ClInclude>
    <ClInclude Include="TypeFactory.h">
      <Filter>Header Files</Filter>
    </ClInclude>
    <ClInclude Include="RefCounter.h">
      <Filter>Header Files</Filter>
    </ClInclude>
    <ClInclude Include="ValueArray.h">
      <Filter>Header Files</Filter>
    </ClInclude>
    <ClInclude Include="LongValueArrayEU.h">
      <Filter>Header Files</Filter>
    </ClInclude>
    <ClInclude Include="FileIndex.h">
      <Filter>Header Files</Filter>
    </ClInclude>
    <ClInclude Include="ProcessingPipeline.h">
      <Filter>Header Files</Filter>
    </ClInclude>
    <ClInclude Include="TypeRecipient.h">
      <Filter>Header Files</Filter>
    </ClInclude>
    <ClInclude Include="ProcessPipelineCounter.h">
      <Filter>Header Files</Filter>
    </ClInclude>
    <ClInclude Include="ProcessPipelineExec.h">
      <Filter>Header Files</Filter>
    </ClInclude>
    <ClInclude Include="ProcessPipework.h">
      <Filter>Header Files</Filter>
    </ClInclude>
    <ClInclude Include="ProcessMultiplexer.h">
      <Filter>Header Files</Filter>
    </ClInclude>
    <ClInclude Include="ValueListener.h">
      <Filter>Header Files</Filter>
    </ClInclude>
    <ClInclude Include="VideoRescaler.h">
      <Filter>Header Files</Filter>
    </ClInclude>
    <ClInclude Include="LameLock.h">
      <Filter>Header Files</Filter>
    </ClInclude>
    <ClInclude Include="ImageChannelProvider.h">
      <Filter>Header Files</Filter>
    </ClInclude>
    <ClInclude Include="ImageChannelBroadcaster.h">
      <Filter>Header Files</Filter>
    </ClInclude>
    <ClInclude Include="IndexedToggle.h">
      <Filter>Header Files</Filter>
    </ClInclude>
    <ClInclude Include="DragRect.h">
      <Filter>Header Files</Filter>
    </ClInclude>
    <ClInclude Include="SimpleLoadSave.h">
      <Filter>Header Files</Filter>
    </ClInclude>
    <ClInclude Include="TypeRecipientChannelSelector.h">
      <Filter>Header Files</Filter>
    </ClInclude>
    <ClInclude Include="IndexInterface.h">
      <Filter>Header Files</Filter>
    </ClInclude>
    <ClInclude Include="TypeBroadcasterChannelSelector.h">
      <Filter>Header Files</Filter>
    </ClInclude>
    <ClInclude Include="Allocator.h">
      <Filter>Header Files</Filter>
    </ClInclude>
    <ClInclude Include="ProcessMerger.h">
      <Filter>Header Files</Filter>
    </ClInclude>
    <ClInclude Include="TypeRecipientBroadcaster.h">
      <Filter>Header Files</Filter>
    </ClInclude>
    <ClInclude Include="Pause.h">
      <Filter>Header Files</Filter>
    </ClInclude>
    <ClInclude Include="SimpleCache.h">
      <Filter>Header Files</Filter>
    </ClInclude>
    <ClInclude Include="DefaultShutdownInterface.h">
      <Filter>Header Files</Filter>
    </ClInclude>
    <ClInclude Include="PauseUntilDone.h">
      <Filter>Header Files</Filter>
    </ClInclude>
    <ClInclude Include="ExternalValueListener.h">
      <Filter>Header Files</Filter>
    </ClInclude>
  </ItemGroup>
  <ItemGroup>
    <ClCompile Include="ExternalUpdateThread.cpp">
      <Filter>Source Files</Filter>
    </ClCompile>
    <ClCompile Include="UBCUtil.cpp">
      <Filter>Source Files</Filter>
    </ClCompile>
    <ClCompile Include="ShutdownInterface.cpp">
      <Filter>Source Files</Filter>
    </ClCompile>
    <ClCompile Include="ShutdownContainer.cpp">
      <Filter>Source Files</Filter>
    </ClCompile>
    <ClCompile Include="StopWatch.cc">
      <Filter>Source Files</Filter>
    </ClCompile>
    <ClCompile Include="ExternalUpdateCollection.cpp">
      <Filter>Source Files</Filter>
    </ClCompile>
    <ClCompile Include="LongValueArrayEU.cpp">
      <Filter>Source Files</Filter>
    </ClCompile>
    <ClCompile Include="FileIndex.cpp">
      <Filter>Source Files</Filter>
    </ClCompile>
    <ClCompile Include="VideoRescaler.cpp">
      <Filter>Source Files</Filter>
    </ClCompile>
    <ClCompile Include="RefCounter.cpp">
      <Filter>Source Files</Filter>
    </ClCompile>
    <ClCompile Include="LameLock.cpp">
      <Filter>Source Files</Filter>
    </ClCompile>
    <ClCompile Include="ImageChannelBroadcaster.cpp">
      <Filter>Source Files</Filter>
    </ClCompile>
    <ClCompile Include="DragRect.cpp">
      <Filter>Source Files</Filter>
    </ClCompile>
    <ClCompile Include="Pause.cpp">
      <Filter>Source Files</Filter>
    </ClCompile>
    <ClCompile Include="DefaultShutdownInterface.cpp">
      <Filter>Source Files</Filter>
    </ClCompile>
  </ItemGroup>
</Project>