<?xml version="1.0" encoding="utf-8"?>
<Project ToolsVersion="4.0" xmlns="http://schemas.microsoft.com/developer/msbuild/2003">
  <ItemGroup>
    <Filter Include="Header Files">
      <UniqueIdentifier>{e4848cb3-00e9-4ee7-931d-330c15b745b1}</UniqueIdentifier>
    </Filter>
    <Filter Include="Source Files">
      <UniqueIdentifier>{b5af6e85-a5cd-40d5-b0b4-ad2a560b4559}</UniqueIdentifier>
    </Filter>
  </ItemGroup>
  <ItemGroup>
    <ClInclude Include="UBCColorTrackerCUDA.cuh">
      <Filter>Header Files</Filter>
    </ClInclude>
    <ClInclude Include="UBCColorTrackerCUDA.h">
      <Filter>Header Files</Filter>
    </ClInclude>
    <ClInclude Include="TrackerCUDAStructs.h">
      <Filter>Header Files</Filter>
    </ClInclude>
  </ItemGroup>
  <ItemGroup>
    <CudaCompile Include="UBCColorTrackerCUDA.cu">
      <Filter>Source Files</Filter>
    </CudaCompile>
  </ItemGroup>
</Project>