
Microsoft Visual Studio Solution File, Format Version 12.00
# Visual Studio 14
VisualStudioVersion = 14.0.23107.0
MinimumVisualStudioVersion = 10.0.40219.1
Project("{8BC9CEB8-8B4A-11D0-8D11-00A0C91BC942}") = "UBCUtil", "UBCUtil\UBCUtil.vcxproj", "{9E0EE645-63EB-4B55-A41F-877E19506E79}"
EndProject
Project("{8BC9CEB8-8B4A-11D0-8D11-00A0C91BC942}") = "UBCGUI", "UBCGUI\UBCGUI.vcxproj", "{D72AC392-D4E3-42BA-AE9B-50B7D3DD27FF}"
EndProject
Project("{8BC9CEB8-8B4A-11D0-8D11-00A0C91BC942}") = "UBCKinect", "UBCKinect\UBCKinect.vcxproj", "{50EAC905-39C6-40B3-BFDC-ECFCBEAFEBCD}"
EndProject
Project("{8BC9CEB8-8B4A-11D0-8D11-00A0C91BC942}") = "LZ4", "LZ4\LZ4.vcxproj", "{A41647FA-BDA3-43DC-90ED-4BF6478D5831}"
EndProject
Project("{8BC9CEB8-8B4A-11D0-8D11-00A0C91BC942}") = "UBCKinectGUI", "UBCKinectGUI\UBCKinectGUI.vcxproj", "{BBE6A15F-C7EC-4C3F-A83B-03C419440D6B}"
EndProject
Project("{8BC9CEB8-8B4A-11D0-8D11-00A0C91BC942}") = "ColorSegCUDATest", "ColorSegCUDATest\ColorSegCUDATest.vcxproj", "{AA105F99-93CB-4431-ABB0-E5AF5D7248D6}"
EndProject
Project("{8BC9CEB8-8B4A-11D0-8D11-00A0C91BC942}") = "UBCSimpleGeometry", "UBCSimpleGeometry\UBCSimpleGeometry.vcxproj", "{033A2963-2057-4AC0-AAB5-A86EE14C0B83}"
EndProject
Project("{8BC9CEB8-8B4A-11D0-8D11-00A0C91BC942}") = "UBCColorTrackCUDA", "UBCColorTrackCUDA\UBCColorTrackCUDA.vcxproj", "{B5BE4E30-A98E-4B7B-A7D7-CE2FB66F7ECC}"
EndProject
Project("{8BC9CEB8-8B4A-11D0-8D11-00A0C91BC942}") = "UBCDART", "UBCDART\UBCDART.vcxproj", "{FD643C19-E18A-4B3A-AFD5-DB0A3CB82646}"
EndProject
Project("{8BC9CEB8-8B4A-11D0-8D11-00A0C91BC942}") = "UBCDARTCUDA", "UBCDARTCUDA\UBCDARTCUDA.vcxproj", "{085BDE10-F4F3-4E2D-BA77-55AEEF3CA91F}"
EndProject
Project("{8BC9CEB8-8B4A-11D0-8D11-00A0C91BC942}") = "KPICloudTest", "KPICloudTest\KPICloudTest.vcxproj", "{0099B970-2075-48E5-B611-D8CA07BD0B4F}"
EndProject
Global
	GlobalSection(SolutionConfigurationPlatforms) = preSolution
		Debug|Win32 = Debug|Win32
		Debug|x64 = Debug|x64
		Debug|x86 = Debug|x86
		Release|Win32 = Release|Win32
		Release|x64 = Release|x64
		Release|x86 = Release|x86
	EndGlobalSection
	GlobalSection(ProjectConfigurationPlatforms) = postSolution
		{9E0EE645-63EB-4B55-A41F-877E19506E79}.Debug|Win32.ActiveCfg = Debug|Win32
		{9E0EE645-63EB-4B55-A41F-877E19506E79}.Debug|Win32.Build.0 = Debug|Win32
		{9E0EE645-63EB-4B55-A41F-877E19506E79}.Debug|x64.ActiveCfg = Debug|x64
		{9E0EE645-63EB-4B55-A41F-877E19506E79}.Debug|x64.Build.0 = Debug|x64
		{9E0EE645-63EB-4B55-A41F-877E19506E79}.Debug|x86.ActiveCfg = Debug|x64
		{9E0EE645-63EB-4B55-A41F-877E19506E79}.Debug|x86.Build.0 = Debug|x64
		{9E0EE645-63EB-4B55-A41F-877E19506E79}.Release|Win32.ActiveCfg = Release|Win32
		{9E0EE645-63EB-4B55-A41F-877E19506E79}.Release|Win32.Build.0 = Release|Win32
		{9E0EE645-63EB-4B55-A41F-877E19506E79}.Release|x64.ActiveCfg = Release|x64
		{9E0EE645-63EB-4B55-A41F-877E19506E79}.Release|x64.Build.0 = Release|x64
		{9E0EE645-63EB-4B55-A41F-877E19506E79}.Release|x86.ActiveCfg = Release|x64
		{9E0EE645-63EB-4B55-A41F-877E19506E79}.Release|x86.Build.0 = Release|x64
		{D72AC392-D4E3-42BA-AE9B-50B7D3DD27FF}.Debug|Win32.ActiveCfg = Debug|Win32
		{D72AC392-D4E3-42BA-AE9B-50B7D3DD27FF}.Debug|Win32.Build.0 = Debug|Win32
		{D72AC392-D4E3-42BA-AE9B-50B7D3DD27FF}.Debug|x64.ActiveCfg = Debug|x64
		{D72AC392-D4E3-42BA-AE9B-50B7D3DD27FF}.Debug|x64.Build.0 = Debug|x64
		{D72AC392-D4E3-42BA-AE9B-50B7D3DD27FF}.Debug|x86.ActiveCfg = Debug|x64
		{D72AC392-D4E3-42BA-AE9B-50B7D3DD27FF}.Debug|x86.Build.0 = Debug|x64
		{D72AC392-D4E3-42BA-AE9B-50B7D3DD27FF}.Release|Win32.ActiveCfg = Release|Win32
		{D72AC392-D4E3-42BA-AE9B-50B7D3DD27FF}.Release|Win32.Build.0 = Release|Win32
		{D72AC392-D4E3-42BA-AE9B-50B7D3DD27FF}.Release|x64.ActiveCfg = Release|x64
		{D72AC392-D4E3-42BA-AE9B-50B7D3DD27FF}.Release|x64.Build.0 = Release|x64
		{D72AC392-D4E3-42BA-AE9B-50B7D3DD27FF}.Release|x86.ActiveCfg = Release|x64
		{D72AC392-D4E3-42BA-AE9B-50B7D3DD27FF}.Release|x86.Build.0 = Release|x64
		{50EAC905-39C6-40B3-BFDC-ECFCBEAFEBCD}.Debug|Win32.ActiveCfg = Debug|Win32
		{50EAC905-39C6-40B3-BFDC-ECFCBEAFEBCD}.Debug|Win32.Build.0 = Debug|Win32
		{50EAC905-39C6-40B3-BFDC-ECFCBEAFEBCD}.Debug|x64.ActiveCfg = Debug|x64
		{50EAC905-39C6-40B3-BFDC-ECFCBEAFEBCD}.Debug|x64.Build.0 = Debug|x64
		{50EAC905-39C6-40B3-BFDC-ECFCBEAFEBCD}.Debug|x86.ActiveCfg = Debug|Win32
		{50EAC905-39C6-40B3-BFDC-ECFCBEAFEBCD}.Debug|x86.Build.0 = Debug|Win32
		{50EAC905-39C6-40B3-BFDC-ECFCBEAFEBCD}.Release|Win32.ActiveCfg = Release|Win32
		{50EAC905-39C6-40B3-BFDC-ECFCBEAFEBCD}.Release|Win32.Build.0 = Release|Win32
		{50EAC905-39C6-40B3-BFDC-ECFCBEAFEBCD}.Release|x64.ActiveCfg = Release|x64
		{50EAC905-39C6-40B3-BFDC-ECFCBEAFEBCD}.Release|x64.Build.0 = Release|x64
		{50EAC905-39C6-40B3-BFDC-ECFCBEAFEBCD}.Release|x86.ActiveCfg = Release|Win32
		{50EAC905-39C6-40B3-BFDC-ECFCBEAFEBCD}.Release|x86.Build.0 = Release|Win32
		{A41647FA-BDA3-43DC-90ED-4BF6478D5831}.Debug|Win32.ActiveCfg = Debug|Win32
		{A41647FA-BDA3-43DC-90ED-4BF6478D5831}.Debug|Win32.Build.0 = Debug|Win32
		{A41647FA-BDA3-43DC-90ED-4BF6478D5831}.Debug|x64.ActiveCfg = Debug|x64
		{A41647FA-BDA3-43DC-90ED-4BF6478D5831}.Debug|x64.Build.0 = Debug|x64
		{A41647FA-BDA3-43DC-90ED-4BF6478D5831}.Debug|x86.ActiveCfg = Debug|Win32
		{A41647FA-BDA3-43DC-90ED-4BF6478D5831}.Debug|x86.Build.0 = Debug|Win32
		{A41647FA-BDA3-43DC-90ED-4BF6478D5831}.Release|Win32.ActiveCfg = Release|Win32
		{A41647FA-BDA3-43DC-90ED-4BF6478D5831}.Release|Win32.Build.0 = Release|Win32
		{A41647FA-BDA3-43DC-90ED-4BF6478D5831}.Release|x64.ActiveCfg = Release|x64
		{A41647FA-BDA3-43DC-90ED-4BF6478D5831}.Release|x64.Build.0 = Release|x64
		{A41647FA-BDA3-43DC-90ED-4BF6478D5831}.Release|x86.ActiveCfg = Release|Win32
		{A41647FA-BDA3-43DC-90ED-4BF6478D5831}.Release|x86.Build.0 = Release|Win32
		{BBE6A15F-C7EC-4C3F-A83B-03C419440D6B}.Debug|Win32.ActiveCfg = Debug|Win32
		{BBE6A15F-C7EC-4C3F-A83B-03C419440D6B}.Debug|Win32.Build.0 = Debug|Win32
		{BBE6A15F-C7EC-4C3F-A83B-03C419440D6B}.Debug|x64.ActiveCfg = Debug|x64
		{BBE6A15F-C7EC-4C3F-A83B-03C419440D6B}.Debug|x64.Build.0 = Debug|x64
		{BBE6A15F-C7EC-4C3F-A83B-03C419440D6B}.Debug|x86.ActiveCfg = Debug|Win32
		{BBE6A15F-C7EC-4C3F-A83B-03C419440D6B}.Debug|x86.Build.0 = Debug|Win32
		{BBE6A15F-C7EC-4C3F-A83B-03C419440D6B}.Release|Win32.ActiveCfg = Release|Win32
		{BBE6A15F-C7EC-4C3F-A83B-03C419440D6B}.Release|Win32.Build.0 = Release|Win32
		{BBE6A15F-C7EC-4C3F-A83B-03C419440D6B}.Release|x64.ActiveCfg = Release|x64
		{BBE6A15F-C7EC-4C3F-A83B-03C419440D6B}.Release|x64.Build.0 = Release|x64
		{BBE6A15F-C7EC-4C3F-A83B-03C419440D6B}.Release|x86.ActiveCfg = Release|Win32
		{BBE6A15F-C7EC-4C3F-A83B-03C419440D6B}.Release|x86.Build.0 = Release|Win32
		{AA105F99-93CB-4431-ABB0-E5AF5D7248D6}.Debug|Win32.ActiveCfg = Debug|Win32
		{AA105F99-93CB-4431-ABB0-E5AF5D7248D6}.Debug|Win32.Build.0 = Debug|Win32
		{AA105F99-93CB-4431-ABB0-E5AF5D7248D6}.Debug|x64.ActiveCfg = Debug|x64
		{AA105F99-93CB-4431-ABB0-E5AF5D7248D6}.Debug|x64.Build.0 = Debug|x64
		{AA105F99-93CB-4431-ABB0-E5AF5D7248D6}.Debug|x86.ActiveCfg = Debug|Win32
		{AA105F99-93CB-4431-ABB0-E5AF5D7248D6}.Debug|x86.Build.0 = Debug|Win32
		{AA105F99-93CB-4431-ABB0-E5AF5D7248D6}.Release|Win32.ActiveCfg = Release|Win32
		{AA105F99-93CB-4431-ABB0-E5AF5D7248D6}.Release|Win32.Build.0 = Release|Win32
		{AA105F99-93CB-4431-ABB0-E5AF5D7248D6}.Release|x64.ActiveCfg = Release|x64
		{AA105F99-93CB-4431-ABB0-E5AF5D7248D6}.Release|x64.Build.0 = Release|x64
		{AA105F99-93CB-4431-ABB0-E5AF5D7248D6}.Release|x86.ActiveCfg = Release|Win32
		{AA105F99-93CB-4431-ABB0-E5AF5D7248D6}.Release|x86.Build.0 = Release|Win32
		{033A2963-2057-4AC0-AAB5-A86EE14C0B83}.Debug|Win32.ActiveCfg = Debug|Win32
		{033A2963-2057-4AC0-AAB5-A86EE14C0B83}.Debug|Win32.Build.0 = Debug|Win32
		{033A2963-2057-4AC0-AAB5-A86EE14C0B83}.Debug|x64.ActiveCfg = Debug|x64
		{033A2963-2057-4AC0-AAB5-A86EE14C0B83}.Debug|x64.Build.0 = Debug|x64
		{033A2963-2057-4AC0-AAB5-A86EE14C0B83}.Debug|x86.ActiveCfg = Debug|Win32
		{033A2963-2057-4AC0-AAB5-A86EE14C0B83}.Debug|x86.Build.0 = Debug|Win32
		{033A2963-2057-4AC0-AAB5-A86EE14C0B83}.Release|Win32.ActiveCfg = Release|Win32
		{033A2963-2057-4AC0-AAB5-A86EE14C0B83}.Release|Win32.Build.0 = Release|Win32
		{033A2963-2057-4AC0-AAB5-A86EE14C0B83}.Release|x64.ActiveCfg = Release|x64
		{033A2963-2057-4AC0-AAB5-A86EE14C0B83}.Release|x64.Build.0 = Release|x64
		{033A2963-2057-4AC0-AAB5-A86EE14C0B83}.Release|x86.ActiveCfg = Release|Win32
		{033A2963-2057-4AC0-AAB5-A86EE14C0B83}.Release|x86.Build.0 = Release|Win32
		{B5BE4E30-A98E-4B7B-A7D7-CE2FB66F7ECC}.Debug|Win32.ActiveCfg = Debug|Win32
		{B5BE4E30-A98E-4B7B-A7D7-CE2FB66F7ECC}.Debug|Win32.Build.0 = Debug|Win32
		{B5BE4E30-A98E-4B7B-A7D7-CE2FB66F7ECC}.Debug|x64.ActiveCfg = Debug|x64
		{B5BE4E30-A98E-4B7B-A7D7-CE2FB66F7ECC}.Debug|x64.Build.0 = Debug|x64
		{B5BE4E30-A98E-4B7B-A7D7-CE2FB66F7ECC}.Debug|x86.ActiveCfg = Debug|Win32
		{B5BE4E30-A98E-4B7B-A7D7-CE2FB66F7ECC}.Debug|x86.Build.0 = Debug|Win32
		{B5BE4E30-A98E-4B7B-A7D7-CE2FB66F7ECC}.Release|Win32.ActiveCfg = Release|Win32
		{B5BE4E30-A98E-4B7B-A7D7-CE2FB66F7ECC}.Release|Win32.Build.0 = Release|Win32
		{B5BE4E30-A98E-4B7B-A7D7-CE2FB66F7ECC}.Release|x64.ActiveCfg = Release|x64
		{B5BE4E30-A98E-4B7B-A7D7-CE2FB66F7ECC}.Release|x64.Build.0 = Release|x64
		{B5BE4E30-A98E-4B7B-A7D7-CE2FB66F7ECC}.Release|x86.ActiveCfg = Release|Win32
		{B5BE4E30-A98E-4B7B-A7D7-CE2FB66F7ECC}.Release|x86.Build.0 = Release|Win32
		{FD643C19-E18A-4B3A-AFD5-DB0A3CB82646}.Debug|Win32.ActiveCfg = Debug|Win32
		{FD643C19-E18A-4B3A-AFD5-DB0A3CB82646}.Debug|Win32.Build.0 = Debug|Win32
		{FD643C19-E18A-4B3A-AFD5-DB0A3CB82646}.Debug|x64.ActiveCfg = Debug|x64
		{FD643C19-E18A-4B3A-AFD5-DB0A3CB82646}.Debug|x64.Build.0 = Debug|x64
		{FD643C19-E18A-4B3A-AFD5-DB0A3CB82646}.Debug|x86.ActiveCfg = Debug|Win32
		{FD643C19-E18A-4B3A-AFD5-DB0A3CB82646}.Debug|x86.Build.0 = Debug|Win32
		{FD643C19-E18A-4B3A-AFD5-DB0A3CB82646}.Release|Win32.ActiveCfg = Release|Win32
		{FD643C19-E18A-4B3A-AFD5-DB0A3CB82646}.Release|Win32.Build.0 = Release|Win32
		{FD643C19-E18A-4B3A-AFD5-DB0A3CB82646}.Release|x64.ActiveCfg = Release|x64
		{FD643C19-E18A-4B3A-AFD5-DB0A3CB82646}.Release|x64.Build.0 = Release|x64
		{FD643C19-E18A-4B3A-AFD5-DB0A3CB82646}.Release|x86.ActiveCfg = Release|Win32
		{FD643C19-E18A-4B3A-AFD5-DB0A3CB82646}.Release|x86.Build.0 = Release|Win32
		{085BDE10-F4F3-4E2D-BA77-55AEEF3CA91F}.Debug|Win32.ActiveCfg = Debug|Win32
		{085BDE10-F4F3-4E2D-BA77-55AEEF3CA91F}.Debug|Win32.Build.0 = Debug|Win32
		{085BDE10-F4F3-4E2D-BA77-55AEEF3CA91F}.Debug|x64.ActiveCfg = Debug|x64
		{085BDE10-F4F3-4E2D-BA77-55AEEF3CA91F}.Debug|x64.Build.0 = Debug|x64
		{085BDE10-F4F3-4E2D-BA77-55AEEF3CA91F}.Debug|x86.ActiveCfg = Debug|Win32
		{085BDE10-F4F3-4E2D-BA77-55AEEF3CA91F}.Debug|x86.Build.0 = Debug|Win32
		{085BDE10-F4F3-4E2D-BA77-55AEEF3CA91F}.Release|Win32.ActiveCfg = Release|Win32
		{085BDE10-F4F3-4E2D-BA77-55AEEF3CA91F}.Release|Win32.Build.0 = Release|Win32
		{085BDE10-F4F3-4E2D-BA77-55AEEF3CA91F}.Release|x64.ActiveCfg = Release|x64
		{085BDE10-F4F3-4E2D-BA77-55AEEF3CA91F}.Release|x64.Build.0 = Release|x64
		{085BDE10-F4F3-4E2D-BA77-55AEEF3CA91F}.Release|x86.ActiveCfg = Release|Win32
		{085BDE10-F4F3-4E2D-BA77-55AEEF3CA91F}.Release|x86.Build.0 = Release|Win32
		{0099B970-2075-48E5-B611-D8CA07BD0B4F}.Debug|Win32.ActiveCfg = Debug|Win32
		{0099B970-2075-48E5-B611-D8CA07BD0B4F}.Debug|Win32.Build.0 = Debug|Win32
		{0099B970-2075-48E5-B611-D8CA07BD0B4F}.Debug|x64.ActiveCfg = Debug|x64
		{0099B970-2075-48E5-B611-D8CA07BD0B4F}.Debug|x64.Build.0 = Debug|x64
		{0099B970-2075-48E5-B611-D8CA07BD0B4F}.Debug|x86.ActiveCfg = Debug|Win32
		{0099B970-2075-48E5-B611-D8CA07BD0B4F}.Debug|x86.Build.0 = Debug|Win32
		{0099B970-2075-48E5-B611-D8CA07BD0B4F}.Release|Win32.ActiveCfg = Release|Win32
		{0099B970-2075-48E5-B611-D8CA07BD0B4F}.Release|Win32.Build.0 = Release|Win32
		{0099B970-2075-48E5-B611-D8CA07BD0B4F}.Release|x64.ActiveCfg = Release|x64
		{0099B970-2075-48E5-B611-D8CA07BD0B4F}.Release|x64.Build.0 = Release|x64
		{0099B970-2075-48E5-B611-D8CA07BD0B4F}.Release|x86.ActiveCfg = Release|Win32
		{0099B970-2075-48E5-B611-D8CA07BD0B4F}.Release|x86.Build.0 = Release|Win32
	EndGlobalSection
	GlobalSection(SolutionProperties) = preSolution
		HideSolutionNode = FALSE
	EndGlobalSection
EndGlobal
