<?xml version="1.0" encoding="utf-8"?>
<Project ToolsVersion="4.0" xmlns="http://schemas.microsoft.com/developer/msbuild/2003">
  <ItemGroup>
    <Filter Include="Source Files">
      <UniqueIdentifier>{4FC737F1-C7A5-4376-A066-2A32D752A2FF}</UniqueIdentifier>
      <Extensions>cpp;c;cc;cxx;def;odl;idl;hpj;bat;asm;asmx</Extensions>
    </Filter>
    <Filter Include="Header Files">
      <UniqueIdentifier>{93995380-89BD-4b04-88EB-625FBE52EBFB}</UniqueIdentifier>
      <Extensions>h;hh;hpp;hxx;hm;inl;inc;xsd</Extensions>
    </Filter>
    <Filter Include="Resource Files">
      <UniqueIdentifier>{67DA6AB6-F800-4c08-8B7A-83BB121AAD01}</UniqueIdentifier>
      <Extensions>rc;ico;cur;bmp;dlg;rc2;rct;bin;rgs;gif;jpg;jpeg;jpe;resx;tiff;tif;png;wav;mfcribbon-ms</Extensions>
    </Filter>
  </ItemGroup>
  <ItemGroup>
    <Text Include="ReadMe.txt" />
  </ItemGroup>
  <ItemGroup>
    <ClInclude Include="KinectInterface.h">
      <Filter>Header Files</Filter>
    </ClInclude>
    <ClInclude Include="FrameDesc.h">
      <Filter>Header Files</Filter>
    </ClInclude>
    <ClInclude Include="KinectFrame.h">
      <Filter>Header Files</Filter>
    </ClInclude>
    <ClInclude Include="TrackIDManager.h">
      <Filter>Header Files</Filter>
    </ClInclude>
    <ClInclude Include="RecNameCollection.h">
      <Filter>Header Files</Filter>
    </ClInclude>
    <ClInclude Include="UINT64List.h">
      <Filter>Header Files</Filter>
    </ClInclude>
    <ClInclude Include="FrameRateCounter.h">
      <Filter>Header Files</Filter>
    </ClInclude>
    <ClInclude Include="KinectFrameFactory.h">
      <Filter>Header Files</Filter>
    </ClInclude>
    <ClInclude Include="KFBGRChannel.h">
      <Filter>Header Files</Filter>
    </ClInclude>
    <ClInclude Include="KinectVideoCompress.h">
      <Filter>Header Files</Filter>
    </ClInclude>
    <ClInclude Include="KinectVideoDecompress.h">
      <Filter>Header Files</Filter>
    </ClInclude>
    <ClInclude Include="KinectFilePlayer.h">
      <Filter>Header Files</Filter>
    </ClInclude>
    <ClInclude Include="KinectDepthCompress.h">
      <Filter>Header Files</Filter>
    </ClInclude>
    <ClInclude Include="KinectDepthDecompress.h">
      <Filter>Header Files</Filter>
    </ClInclude>
    <ClInclude Include="BodyCopy.h">
      <Filter>Header Files</Filter>
    </ClInclude>
    <ClInclude Include="BodySegments.h">
      <Filter>Header Files</Filter>
    </ClInclude>
    <ClInclude Include="BodyCopyCollection.h">
      <Filter>Header Files</Filter>
    </ClInclude>
    <ClInclude Include="IBodyAttrs.h">
      <Filter>Header Files</Filter>
    </ClInclude>
    <ClInclude Include="IBodyAttrCompress.h">
      <Filter>Header Files</Filter>
    </ClInclude>
    <ClInclude Include="KinectBodyCompress.h">
      <Filter>Header Files</Filter>
    </ClInclude>
    <ClInclude Include="IBodyAttrDecompress.h">
      <Filter>Header Files</Filter>
    </ClInclude>
    <ClInclude Include="KinectBodyDecompress.h">
      <Filter>Header Files</Filter>
    </ClInclude>
    <ClInclude Include="Registration2D3D.h">
      <Filter>Header Files</Filter>
    </ClInclude>
    <ClInclude Include="Point3DRGB.h">
      <Filter>Header Files</Filter>
    </ClInclude>
    <ClInclude Include="KinectProcess.h">
      <Filter>Header Files</Filter>
    </ClInclude>
    <ClInclude Include="ProcessingParameters.h">
      <Filter>Header Files</Filter>
    </ClInclude>
    <ClInclude Include="HandFinder.h">
      <Filter>Header Files</Filter>
    </ClInclude>
    <ClInclude Include="ColorBlobDetector.h">
      <Filter>Header Files</Filter>
    </ClInclude>
    <ClInclude Include="ColorBlobParams.h">
      <Filter>Header Files</Filter>
    </ClInclude>
    <ClInclude Include="BlobScanner.h">
      <Filter>Header Files</Filter>
    </ClInclude>
    <ClInclude Include="BlobPts.h">
      <Filter>Header Files</Filter>
    </ClInclude>
    <ClInclude Include="BlobPtSet.h">
      <Filter>Header Files</Filter>
    </ClInclude>
    <ClInclude Include="BoundingBoxScanner.h">
      <Filter>Header Files</Filter>
    </ClInclude>
    <ClInclude Include="BoundingBox.h">
      <Filter>Header Files</Filter>
    </ClInclude>
    <ClInclude Include="Pt3DCollection.h">
      <Filter>Header Files</Filter>
    </ClInclude>
    <ClInclude Include="ArrayPt3DCollection.h">
      <Filter>Header Files</Filter>
    </ClInclude>
    <ClInclude Include="ArrayPt3DCollectionFactory.h">
      <Filter>Header Files</Filter>
    </ClInclude>
    <ClInclude Include="BoxAndConstellation.h">
      <Filter>Header Files</Filter>
    </ClInclude>
    <ClInclude Include="BoxAndConstellationFactory.h">
      <Filter>Header Files</Filter>
    </ClInclude>
    <ClInclude Include="SubsetPt3DCollection.h">
      <Filter>Header Files</Filter>
    </ClInclude>
    <ClInclude Include="SubsetPt3DCollectionFactory.h">
      <Filter>Header Files</Filter>
    </ClInclude>
    <ClInclude Include="SphereFitCostFunctor.h">
      <Filter>Header Files</Filter>
    </ClInclude>
    <ClInclude Include="BlobThreshold.h">
      <Filter>Header Files</Filter>
    </ClInclude>
    <ClInclude Include="RegisteredBB.h">
      <Filter>Header Files</Filter>
    </ClInclude>
    <ClInclude Include="SimpleSphereFinder.h">
      <Filter>Header Files</Filter>
    </ClInclude>
    <ClInclude Include="ThreeDBB.h">
      <Filter>Header Files</Filter>
    </ClInclude>
    <ClInclude Include="SphereDetectorInfo.h">
      <Filter>Header Files</Filter>
    </ClInclude>
  </ItemGroup>
  <ItemGroup>
    <ClCompile Include="KinectInterface.cpp">
      <Filter>Source Files</Filter>
    </ClCompile>
    <ClCompile Include="TrackIDManager.cpp">
      <Filter>Source Files</Filter>
    </ClCompile>
    <ClCompile Include="RecNameCollection.cpp">
      <Filter>Source Files</Filter>
    </ClCompile>
    <ClCompile Include="KinectFrame.cpp">
      <Filter>Source Files</Filter>
    </ClCompile>
    <ClCompile Include="FrameRateCounter.cpp">
      <Filter>Source Files</Filter>
    </ClCompile>
    <ClCompile Include="KinectFrameFactory.cpp">
      <Filter>Source Files</Filter>
    </ClCompile>
    <ClCompile Include="KFBGRChannel.cpp">
      <Filter>Source Files</Filter>
    </ClCompile>
    <ClCompile Include="KinectVideoCompress.cpp">
      <Filter>Source Files</Filter>
    </ClCompile>
    <ClCompile Include="KinectVideoDecompress.cpp">
      <Filter>Source Files</Filter>
    </ClCompile>
    <ClCompile Include="KinectFilePlayer.cpp">
      <Filter>Source Files</Filter>
    </ClCompile>
    <ClCompile Include="KinectDepthCompress.cpp">
      <Filter>Source Files</Filter>
    </ClCompile>
    <ClCompile Include="KinectDepthDecompress.cpp">
      <Filter>Source Files</Filter>
    </ClCompile>
    <ClCompile Include="BodyCopy.cpp">
      <Filter>Source Files</Filter>
    </ClCompile>
    <ClCompile Include="BodySegments.cpp">
      <Filter>Source Files</Filter>
    </ClCompile>
    <ClCompile Include="BodyCopyCollection.cpp">
      <Filter>Source Files</Filter>
    </ClCompile>
    <ClCompile Include="IBodyAttrCompress.cpp">
      <Filter>Source Files</Filter>
    </ClCompile>
    <ClCompile Include="KinectBodyCompress.cpp">
      <Filter>Source Files</Filter>
    </ClCompile>
    <ClCompile Include="IBodyAttrDecompress.cpp">
      <Filter>Source Files</Filter>
    </ClCompile>
    <ClCompile Include="KinectBodyDecompress.cpp">
      <Filter>Source Files</Filter>
    </ClCompile>
    <ClCompile Include="Registration2D3D.cpp">
      <Filter>Source Files</Filter>
    </ClCompile>
    <ClCompile Include="KinectProcess.cpp">
      <Filter>Source Files</Filter>
    </ClCompile>
    <ClCompile Include="ProcessingParameters.cpp">
      <Filter>Source Files</Filter>
    </ClCompile>
    <ClCompile Include="HandFinder.cpp">
      <Filter>Source Files</Filter>
    </ClCompile>
    <ClCompile Include="ColorBlobDetector.cpp">
      <Filter>Source Files</Filter>
    </ClCompile>
    <ClCompile Include="ColorBlobParams.cpp">
      <Filter>Source Files</Filter>
    </ClCompile>
    <ClCompile Include="BlobScanner.cpp">
      <Filter>Source Files</Filter>
    </ClCompile>
    <ClCompile Include="BlobPts.cpp">
      <Filter>Source Files</Filter>
    </ClCompile>
    <ClCompile Include="BlobPtSet.cpp">
      <Filter>Source Files</Filter>
    </ClCompile>
    <ClCompile Include="BoundingBoxScanner.cpp">
      <Filter>Source Files</Filter>
    </ClCompile>
    <ClCompile Include="BoundingBox.cpp">
      <Filter>Source Files</Filter>
    </ClCompile>
    <ClCompile Include="ArrayPt3DCollection.cpp">
      <Filter>Source Files</Filter>
    </ClCompile>
    <ClCompile Include="ArrayPt3DCollectionFactory.cpp">
      <Filter>Source Files</Filter>
    </ClCompile>
    <ClCompile Include="BoxAndConstellation.cpp">
      <Filter>Source Files</Filter>
    </ClCompile>
    <ClCompile Include="BoxAndConstellationFactory.cpp">
      <Filter>Source Files</Filter>
    </ClCompile>
    <ClCompile Include="SubsetPt3DCollection.cpp">
      <Filter>Source Files</Filter>
    </ClCompile>
    <ClCompile Include="SubsetPt3DCollectionFactory.cpp">
      <Filter>Source Files</Filter>
    </ClCompile>
    <ClCompile Include="RegisteredBB.cpp">
      <Filter>Source Files</Filter>
    </ClCompile>
    <ClCompile Include="Pt3DCollection.cpp">
      <Filter>Source Files</Filter>
    </ClCompile>
    <ClCompile Include="SimpleSphereFinder.cpp">
      <Filter>Source Files</Filter>
    </ClCompile>
    <ClCompile Include="ThreeDBB.cpp">
      <Filter>Source Files</Filter>
    </ClCompile>
    <ClCompile Include="SphereDetectorInfo.cpp">
      <Filter>Source Files</Filter>
    </ClCompile>
  </ItemGroup>
</Project>