<?xml version="1.0" encoding="utf-8"?>
<Project ToolsVersion="4.0" xmlns="http://schemas.microsoft.com/developer/msbuild/2003">
  <ItemGroup>
    <ClCompile Include="ColorSegCUDATest.cpp">
      <Filter>Source Files</Filter>
    </ClCompile>
    <ClCompile Include="CUDAColorSegInterface.cpp">
      <Filter>Source Files</Filter>
    </ClCompile>
    <ClCompile Include="CUDAControl.cpp">
      <Filter>Source Files</Filter>
    </ClCompile>
    <ClCompile Include="CUDANormalField.cpp">
      <Filter>Source Files</Filter>
    </ClCompile>
    <ClCompile Include="VideoRecorder.cpp">
      <Filter>Source Files</Filter>
    </ClCompile>
  </ItemGroup>
  <ItemGroup>
    <ClInclude Include="CUDANormalField.h">
      <Filter>Header Files</Filter>
    </ClInclude>
    <ClInclude Include="SimpleDLLControl.h">
      <Filter>Header Files</Filter>
    </ClInclude>
    <ClInclude Include="CUDAColorSegInterface.h">
      <Filter>Header Files</Filter>
    </ClInclude>
    <ClInclude Include="CUDAControl.h">
      <Filter>Header Files</Filter>
    </ClInclude>
    <ClInclude Include="VideoRecorder.h">
      <Filter>Header Files</Filter>
    </ClInclude>
  </ItemGroup>
  <ItemGroup>
    <Text Include="ReadMe.txt" />
  </ItemGroup>
  <ItemGroup>
    <Filter Include="Header Files">
      <UniqueIdentifier>{939bf802-1c24-4d32-b8c4-e5fbbb4946eb}</UniqueIdentifier>
    </Filter>
    <Filter Include="Source Files">
      <UniqueIdentifier>{402374bf-d61e-4649-9155-f41e95e2ce1f}</UniqueIdentifier>
    </Filter>
  </ItemGroup>
</Project>